
Microsoft Visual Studio Solution File, Format Version 12.00
# Visual Studio 15
VisualStudioVersion = 15.0.28010.2016
MinimumVisualStudioVersion = 10.0.40219.1
Project("{FAE04EC0-301F-11D3-BF4B-00C04F79EFBC}") = "Datos", "Datos\Datos.csproj", "{0FE821FF-A9C5-4272-B02B-A69160C47781}"
EndProject
Project("{FAE04EC0-301F-11D3-BF4B-00C04F79EFBC}") = "Codigo", "Codigo\Codigo.csproj", "{4F2FFE55-B6BD-4F38-B869-DD4552B49EE4}"
EndProject
Project("{FAE04EC0-301F-11D3-BF4B-00C04F79EFBC}") = "Interfaz", "Interfaz\Interfaz.csproj", "{D11DE948-5DB8-4784-92CE-5969CEB7CF30}"
EndProject
Global
	GlobalSection(SolutionConfigurationPlatforms) = preSolution
		Debug|Any CPU = Debug|Any CPU
		Release|Any CPU = Release|Any CPU
	EndGlobalSection
	GlobalSection(ProjectConfigurationPlatforms) = postSolution
		{0FE821FF-A9C5-4272-B02B-A69160C47781}.Debug|Any CPU.ActiveCfg = Debug|Any CPU
		{0FE821FF-A9C5-4272-B02B-A69160C47781}.Debug|Any CPU.Build.0 = Debug|Any CPU
		{0FE821FF-A9C5-4272-B02B-A69160C47781}.Release|Any CPU.ActiveCfg = Release|Any CPU
		{0FE821FF-A9C5-4272-B02B-A69160C47781}.Release|Any CPU.Build.0 = Release|Any CPU
		{4F2FFE55-B6BD-4F38-B869-DD4552B49EE4}.Debug|Any CPU.ActiveCfg = Debug|Any CPU
		{4F2FFE55-B6BD-4F38-B869-DD4552B49EE4}.Debug|Any CPU.Build.0 = Debug|Any CPU
		{4F2FFE55-B6BD-4F38-B869-DD4552B49EE4}.Release|Any CPU.ActiveCfg = Release|Any CPU
		{4F2FFE55-B6BD-4F38-B869-DD4552B49EE4}.Release|Any CPU.Build.0 = Release|Any CPU
		{D11DE948-5DB8-4784-92CE-5969CEB7CF30}.Debug|Any CPU.ActiveCfg = Debug|Any CPU
		{D11DE948-5DB8-4784-92CE-5969CEB7CF30}.Debug|Any CPU.Build.0 = Debug|Any CPU
		{D11DE948-5DB8-4784-92CE-5969CEB7CF30}.Release|Any CPU.ActiveCfg = Release|Any CPU
		{D11DE948-5DB8-4784-92CE-5969CEB7CF30}.Release|Any CPU.Build.0 = Release|Any CPU
	EndGlobalSection
	GlobalSection(SolutionProperties) = preSolution
		HideSolutionNode = FALSE
	EndGlobalSection
	GlobalSection(ExtensibilityGlobals) = postSolution
		SolutionGuid = {21EB160E-7927-4E7C-81B1-8FA13B765D1C}
	EndGlobalSection
EndGlobal
